// !$*UTF8*$!
{
	archiveVersion = 1;
	classes = {
	};
	objectVersion = 56;
	objects = {

/* Begin PBXBuildFile section */
		1D818F6C2987A5CE00803282 /* AppDelegate.swift in Sources */ = {isa = PBXBuildFile; fileRef = 1D818F6B2987A5CE00803282 /* AppDelegate.swift */; };
		1D818F702987A5CE00803282 /* ViewController.swift in Sources */ = {isa = PBXBuildFile; fileRef = 1D818F6F2987A5CE00803282 /* ViewController.swift */; };
		1D818F752987A5D000803282 /* Assets.xcassets in Resources */ = {isa = PBXBuildFile; fileRef = 1D818F742987A5D000803282 /* Assets.xcassets */; };
		1D818F832987A5D000803282 /* TP2Tests.swift in Sources */ = {isa = PBXBuildFile; fileRef = 1D818F822987A5D000803282 /* TP2Tests.swift */; };
		1D818F8D2987A5D000803282 /* TP2UITests.swift in Sources */ = {isa = PBXBuildFile; fileRef = 1D818F8C2987A5D000803282 /* TP2UITests.swift */; };
		1D818F8F2987A5D000803282 /* TP2UITestsLaunchTests.swift in Sources */ = {isa = PBXBuildFile; fileRef = 1D818F8E2987A5D000803282 /* TP2UITestsLaunchTests.swift */; };
		1D818FA02987AE3200803282 /* ViewController.xib in Resources */ = {isa = PBXBuildFile; fileRef = 1D818F9F2987AE3200803282 /* ViewController.xib */; };
		1D818FA42987B6C600803282 /* TableViewCell.swift in Sources */ = {isa = PBXBuildFile; fileRef = 1D818FA32987B6C600803282 /* TableViewCell.swift */; };
		1D818FA62987B8AB00803282 /* DetailViewController.swift in Sources */ = {isa = PBXBuildFile; fileRef = 1D818FA52987B8AB00803282 /* DetailViewController.swift */; };
		1D818FA82987BBC200803282 /* DetailViewController.xib in Resources */ = {isa = PBXBuildFile; fileRef = 1D818FA72987BBC200803282 /* DetailViewController.xib */; };
		1D818FAA2987C2F200803282 /* Regions.swift in Sources */ = {isa = PBXBuildFile; fileRef = 1D818FA92987C2F200803282 /* Regions.swift */; };
/* End PBXBuildFile section */

/* Begin PBXContainerItemProxy section */
		1D818F7F2987A5D000803282 /* PBXContainerItemProxy */ = {
			isa = PBXContainerItemProxy;
			containerPortal = 1D818F602987A5CE00803282 /* Project object */;
			proxyType = 1;
			remoteGlobalIDString = 1D818F672987A5CE00803282;
			remoteInfo = TP2;
		};
		1D818F892987A5D000803282 /* PBXContainerItemProxy */ = {
			isa = PBXContainerItemProxy;
			containerPortal = 1D818F602987A5CE00803282 /* Project object */;
			proxyType = 1;
			remoteGlobalIDString = 1D818F672987A5CE00803282;
			remoteInfo = TP2;
		};
/* End PBXContainerItemProxy section */

/* Begin PBXFileReference section */
		1D818F682987A5CE00803282 /* TP2.app */ = {isa = PBXFileReference; explicitFileType = wrapper.application; includeInIndex = 0; path = TP2.app; sourceTree = BUILT_PRODUCTS_DIR; };
		1D818F6B2987A5CE00803282 /* AppDelegate.swift */ = {isa = PBXFileReference; lastKnownFileType = sourcecode.swift; path = AppDelegate.swift; sourceTree = "<group>"; };
		1D818F6F2987A5CE00803282 /* ViewController.swift */ = {isa = PBXFileReference; lastKnownFileType = sourcecode.swift; path = ViewController.swift; sourceTree = "<group>"; };
		1D818F742987A5D000803282 /* Assets.xcassets */ = {isa = PBXFileReference; lastKnownFileType = folder.assetcatalog; path = Assets.xcassets; sourceTree = "<group>"; };
		1D818F792987A5D000803282 /* Info.plist */ = {isa = PBXFileReference; lastKnownFileType = text.plist.xml; path = Info.plist; sourceTree = "<group>"; };
		1D818F7E2987A5D000803282 /* TP2Tests.xctest */ = {isa = PBXFileReference; explicitFileType = wrapper.cfbundle; includeInIndex = 0; path = TP2Tests.xctest; sourceTree = BUILT_PRODUCTS_DIR; };
		1D818F822987A5D000803282 /* TP2Tests.swift */ = {isa = PBXFileReference; lastKnownFileType = sourcecode.swift; path = TP2Tests.swift; sourceTree = "<group>"; };
		1D818F882987A5D000803282 /* TP2UITests.xctest */ = {isa = PBXFileReference; explicitFileType = wrapper.cfbundle; includeInIndex = 0; path = TP2UITests.xctest; sourceTree = BUILT_PRODUCTS_DIR; };
		1D818F8C2987A5D000803282 /* TP2UITests.swift */ = {isa = PBXFileReference; lastKnownFileType = sourcecode.swift; path = TP2UITests.swift; sourceTree = "<group>"; };
		1D818F8E2987A5D000803282 /* TP2UITestsLaunchTests.swift */ = {isa = PBXFileReference; lastKnownFileType = sourcecode.swift; path = TP2UITestsLaunchTests.swift; sourceTree = "<group>"; };
		1D818F9F2987AE3200803282 /* ViewController.xib */ = {isa = PBXFileReference; lastKnownFileType = file.xib; path = ViewController.xib; sourceTree = "<group>"; };
		1D818FA32987B6C600803282 /* TableViewCell.swift */ = {isa = PBXFileReference; lastKnownFileType = sourcecode.swift; path = TableViewCell.swift; sourceTree = "<group>"; };
		1D818FA52987B8AB00803282 /* DetailViewController.swift */ = {isa = PBXFileReference; lastKnownFileType = sourcecode.swift; path = DetailViewController.swift; sourceTree = "<group>"; };
		1D818FA72987BBC200803282 /* DetailViewController.xib */ = {isa = PBXFileReference; lastKnownFileType = file.xib; path = DetailViewController.xib; sourceTree = "<group>"; };
		1D818FA92987C2F200803282 /* Regions.swift */ = {isa = PBXFileReference; fileEncoding = 4; lastKnownFileType = sourcecode.swift; path = Regions.swift; sourceTree = "<group>"; };
/* End PBXFileReference section */

/* Begin PBXFrameworksBuildPhase section */
		1D818F652987A5CE00803282 /* Frameworks */ = {
			isa = PBXFrameworksBuildPhase;
			buildActionMask = 2147483647;
			files = (
			);
			runOnlyForDeploymentPostprocessing = 0;
		};
		1D818F7B2987A5D000803282 /* Frameworks */ = {
			isa = PBXFrameworksBuildPhase;
			buildActionMask = 2147483647;
			files = (
			);
			runOnlyForDeploymentPostprocessing = 0;
		};
		1D818F852987A5D000803282 /* Frameworks */ = {
			isa = PBXFrameworksBuildPhase;
			buildActionMask = 2147483647;
			files = (
			);
			runOnlyForDeploymentPostprocessing = 0;
		};
/* End PBXFrameworksBuildPhase section */

/* Begin PBXGroup section */
		1D818F5F2987A5CE00803282 = {
			isa = PBXGroup;
			children = (
				1D818F6A2987A5CE00803282 /* TP2 */,
				1D818F812987A5D000803282 /* TP2Tests */,
				1D818F8B2987A5D000803282 /* TP2UITests */,
				1D818F692987A5CE00803282 /* Products */,
			);
			sourceTree = "<group>";
		};
		1D818F692987A5CE00803282 /* Products */ = {
			isa = PBXGroup;
			children = (
				1D818F682987A5CE00803282 /* TP2.app */,
				1D818F7E2987A5D000803282 /* TP2Tests.xctest */,
				1D818F882987A5D000803282 /* TP2UITests.xctest */,
			);
			name = Products;
			sourceTree = "<group>";
		};
		1D818F6A2987A5CE00803282 /* TP2 */ = {
			isa = PBXGroup;
			children = (
				1D818FA92987C2F200803282 /* Regions.swift */,
				1D818F6B2987A5CE00803282 /* AppDelegate.swift */,
				1D818F6F2987A5CE00803282 /* ViewController.swift */,
				1D818F742987A5D000803282 /* Assets.xcassets */,
				1D818F792987A5D000803282 /* Info.plist */,
				1D818F9F2987AE3200803282 /* ViewController.xib */,
				1D818FA32987B6C600803282 /* TableViewCell.swift */,
				1D818FA52987B8AB00803282 /* DetailViewController.swift */,
				1D818FA72987BBC200803282 /* DetailViewController.xib */,
			);
			path = TP2;
			sourceTree = "<group>";
		};
		1D818F812987A5D000803282 /* TP2Tests */ = {
			isa = PBXGroup;
			children = (
				1D818F822987A5D000803282 /* TP2Tests.swift */,
			);
			path = TP2Tests;
			sourceTree = "<group>";
		};
		1D818F8B2987A5D000803282 /* TP2UITests */ = {
			isa = PBXGroup;
			children = (
				1D818F8C2987A5D000803282 /* TP2UITests.swift */,
				1D818F8E2987A5D000803282 /* TP2UITestsLaunchTests.swift */,
			);
			path = TP2UITests;
			sourceTree = "<group>";
		};
/* End PBXGroup section */

/* Begin PBXNativeTarget section */
		1D818F672987A5CE00803282 /* TP2 */ = {
			isa = PBXNativeTarget;
			buildConfigurationList = 1D818F922987A5D000803282 /* Build configuration list for PBXNativeTarget "TP2" */;
			buildPhases = (
				1D818F642987A5CE00803282 /* Sources */,
				1D818F652987A5CE00803282 /* Frameworks */,
				1D818F662987A5CE00803282 /* Resources */,
			);
			buildRules = (
			);
			dependencies = (
			);
			name = TP2;
			productName = TP2;
			productReference = 1D818F682987A5CE00803282 /* TP2.app */;
			productType = "com.apple.product-type.application";
		};
		1D818F7D2987A5D000803282 /* TP2Tests */ = {
			isa = PBXNativeTarget;
			buildConfigurationList = 1D818F952987A5D000803282 /* Build configuration list for PBXNativeTarget "TP2Tests" */;
			buildPhases = (
				1D818F7A2987A5D000803282 /* Sources */,
				1D818F7B2987A5D000803282 /* Frameworks */,
				1D818F7C2987A5D000803282 /* Resources */,
			);
			buildRules = (
			);
			dependencies = (
				1D818F802987A5D000803282 /* PBXTargetDependency */,
			);
			name = TP2Tests;
			productName = TP2Tests;
			productReference = 1D818F7E2987A5D000803282 /* TP2Tests.xctest */;
			productType = "com.apple.product-type.bundle.unit-test";
		};
		1D818F872987A5D000803282 /* TP2UITests */ = {
			isa = PBXNativeTarget;
			buildConfigurationList = 1D818F982987A5D000803282 /* Build configuration list for PBXNativeTarget "TP2UITests" */;
			buildPhases = (
				1D818F842987A5D000803282 /* Sources */,
				1D818F852987A5D000803282 /* Frameworks */,
				1D818F862987A5D000803282 /* Resources */,
			);
			buildRules = (
			);
			dependencies = (
				1D818F8A2987A5D000803282 /* PBXTargetDependency */,
			);
			name = TP2UITests;
			productName = TP2UITests;
			productReference = 1D818F882987A5D000803282 /* TP2UITests.xctest */;
			productType = "com.apple.product-type.bundle.ui-testing";
		};
/* End PBXNativeTarget section */

/* Begin PBXProject section */
		1D818F602987A5CE00803282 /* Project object */ = {
			isa = PBXProject;
			attributes = {
				BuildIndependentTargetsInParallel = 1;
				LastSwiftUpdateCheck = 1400;
				LastUpgradeCheck = 1400;
				TargetAttributes = {
					1D818F672987A5CE00803282 = {
						CreatedOnToolsVersion = 14.0.1;
					};
					1D818F7D2987A5D000803282 = {
						CreatedOnToolsVersion = 14.0.1;
						TestTargetID = 1D818F672987A5CE00803282;
					};
					1D818F872987A5D000803282 = {
						CreatedOnToolsVersion = 14.0.1;
						TestTargetID = 1D818F672987A5CE00803282;
					};
				};
			};
			buildConfigurationList = 1D818F632987A5CE00803282 /* Build configuration list for PBXProject "TP2" */;
			compatibilityVersion = "Xcode 14.0";
			developmentRegion = en;
			hasScannedForEncodings = 0;
			knownRegions = (
				en,
				Base,
			);
			mainGroup = 1D818F5F2987A5CE00803282;
			productRefGroup = 1D818F692987A5CE00803282 /* Products */;
			projectDirPath = "";
			projectRoot = "";
			targets = (
				1D818F672987A5CE00803282 /* TP2 */,
				1D818F7D2987A5D000803282 /* TP2Tests */,
				1D818F872987A5D000803282 /* TP2UITests */,
			);
		};
/* End PBXProject section */

/* Begin PBXResourcesBuildPhase section */
		1D818F662987A5CE00803282 /* Resources */ = {
			isa = PBXResourcesBuildPhase;
			buildActionMask = 2147483647;
			files = (
				1D818FA02987AE3200803282 /* ViewController.xib in Resources */,
				1D818FA82987BBC200803282 /* DetailViewController.xib in Resources */,
				1D818F752987A5D000803282 /* Assets.xcassets in Resources */,
			);
			runOnlyForDeploymentPostprocessing = 0;
		};
		1D818F7C2987A5D000803282 /* Resources */ = {
			isa = PBXResourcesBuildPhase;
			buildActionMask = 2147483647;
			files = (
			);
			runOnlyForDeploymentPostprocessing = 0;
		};
		1D818F862987A5D000803282 /* Resources */ = {
			isa = PBXResourcesBuildPhase;
			buildActionMask = 2147483647;
			files = (
			);
			runOnlyForDeploymentPostprocessing = 0;
		};
/* End PBXResourcesBuildPhase section */

/* Begin PBXSourcesBuildPhase section */
		1D818F642987A5CE00803282 /* Sources */ = {
			isa = PBXSourcesBuildPhase;
			buildActionMask = 2147483647;
			files = (
				1D818FA42987B6C600803282 /* TableViewCell.swift in Sources */,
				1D818F702987A5CE00803282 /* ViewController.swift in Sources */,
				1D818FAA2987C2F200803282 /* Regions.swift in Sources */,
				1D818F6C2987A5CE00803282 /* AppDelegate.swift in Sources */,
				1D818FA62987B8AB00803282 /* DetailViewController.swift in Sources */,
			);
			runOnlyForDeploymentPostprocessing = 0;
		};
		1D818F7A2987A5D000803282 /* Sources */ = {
			isa = PBXSourcesBuildPhase;
			buildActionMask = 2147483647;
			files = (
				1D818F832987A5D000803282 /* TP2Tests.swift in Sources */,
			);
			runOnlyForDeploymentPostprocessing = 0;
		};
		1D818F842987A5D000803282 /* Sources */ = {
			isa = PBXSourcesBuildPhase;
			buildActionMask = 2147483647;
			files = (
				1D818F8D2987A5D000803282 /* TP2UITests.swift in Sources */,
				1D818F8F2987A5D000803282 /* TP2UITestsLaunchTests.swift in Sources */,
			);
			runOnlyForDeploymentPostprocessing = 0;
		};
/* End PBXSourcesBuildPhase section */

/* Begin PBXTargetDependency section */
		1D818F802987A5D000803282 /* PBXTargetDependency */ = {
			isa = PBXTargetDependency;
			target = 1D818F672987A5CE00803282 /* TP2 */;
			targetProxy = 1D818F7F2987A5D000803282 /* PBXContainerItemProxy */;
		};
		1D818F8A2987A5D000803282 /* PBXTargetDependency */ = {
			isa = PBXTargetDependency;
			target = 1D818F672987A5CE00803282 /* TP2 */;
			targetProxy = 1D818F892987A5D000803282 /* PBXContainerItemProxy */;
		};
/* End PBXTargetDependency section */

/* Begin XCBuildConfiguration section */
		1D818F902987A5D000803282 /* Debug */ = {
			isa = XCBuildConfiguration;
			buildSettings = {
				ALWAYS_SEARCH_USER_PATHS = NO;
				CLANG_ANALYZER_NONNULL = YES;
				CLANG_ANALYZER_NUMBER_OBJECT_CONVERSION = YES_AGGRESSIVE;
				CLANG_CXX_LANGUAGE_STANDARD = "gnu++20";
				CLANG_ENABLE_MODULES = YES;
				CLANG_ENABLE_OBJC_ARC = YES;
				CLANG_ENABLE_OBJC_WEAK = YES;
				CLANG_WARN_BLOCK_CAPTURE_AUTORELEASING = YES;
				CLANG_WARN_BOOL_CONVERSION = YES;
				CLANG_WARN_COMMA = YES;
				CLANG_WARN_CONSTANT_CONVERSION = YES;
				CLANG_WARN_DEPRECATED_OBJC_IMPLEMENTATIONS = YES;
				CLANG_WARN_DIRECT_OBJC_ISA_USAGE = YES_ERROR;
				CLANG_WARN_DOCUMENTATION_COMMENTS = YES;
				CLANG_WARN_EMPTY_BODY = YES;
				CLANG_WARN_ENUM_CONVERSION = YES;
				CLANG_WARN_INFINITE_RECURSION = YES;
				CLANG_WARN_INT_CONVERSION = YES;
				CLANG_WARN_NON_LITERAL_NULL_CONVERSION = YES;
				CLANG_WARN_OBJC_IMPLICIT_RETAIN_SELF = YES;
				CLANG_WARN_OBJC_LITERAL_CONVERSION = YES;
				CLANG_WARN_OBJC_ROOT_CLASS = YES_ERROR;
				CLANG_WARN_QUOTED_INCLUDE_IN_FRAMEWORK_HEADER = YES;
				CLANG_WARN_RANGE_LOOP_ANALYSIS = YES;
				CLANG_WARN_STRICT_PROTOTYPES = YES;
				CLANG_WARN_SUSPICIOUS_MOVE = YES;
				CLANG_WARN_UNGUARDED_AVAILABILITY = YES_AGGRESSIVE;
				CLANG_WARN_UNREACHABLE_CODE = YES;
				CLANG_WARN__DUPLICATE_METHOD_MATCH = YES;
				COPY_PHASE_STRIP = NO;
				DEBUG_INFORMATION_FORMAT = dwarf;
				ENABLE_STRICT_OBJC_MSGSEND = YES;
				ENABLE_TESTABILITY = YES;
				GCC_C_LANGUAGE_STANDARD = gnu11;
				GCC_DYNAMIC_NO_PIC = NO;
				GCC_NO_COMMON_BLOCKS = YES;
				GCC_OPTIMIZATION_LEVEL = 0;
				GCC_PREPROCESSOR_DEFINITIONS = (
					"DEBUG=1",
					"$(inherited)",
				);
				GCC_WARN_64_TO_32_BIT_CONVERSION = YES;
				GCC_WARN_ABOUT_RETURN_TYPE = YES_ERROR;
				GCC_WARN_UNDECLARED_SELECTOR = YES;
				GCC_WARN_UNINITIALIZED_AUTOS = YES_AGGRESSIVE;
				GCC_WARN_UNUSED_FUNCTION = YES;
				GCC_WARN_UNUSED_VARIABLE = YES;
				IPHONEOS_DEPLOYMENT_TARGET = 16.0;
				MTL_ENABLE_DEBUG_INFO = INCLUDE_SOURCE;
				MTL_FAST_MATH = YES;
				ONLY_ACTIVE_ARCH = YES;
				SDKROOT = iphoneos;
				SWIFT_ACTIVE_COMPILATION_CONDITIONS = DEBUG;
				SWIFT_OPTIMIZATION_LEVEL = "-Onone";
			};
			name = Debug;
		};
		1D818F912987A5D000803282 /* Release */ = {
			isa = XCBuildConfiguration;
			buildSettings = {
				ALWAYS_SEARCH_USER_PATHS = NO;
				CLANG_ANALYZER_NONNULL = YES;
				CLANG_ANALYZER_NUMBER_OBJECT_CONVERSION = YES_AGGRESSIVE;
				CLANG_CXX_LANGUAGE_STANDARD = "gnu++20";
				CLANG_ENABLE_MODULES = YES;
				CLANG_ENABLE_OBJC_ARC = YES;
				CLANG_ENABLE_OBJC_WEAK = YES;
				CLANG_WARN_BLOCK_CAPTURE_AUTORELEASING = YES;
				CLANG_WARN_BOOL_CONVERSION = YES;
				CLANG_WARN_COMMA = YES;
				CLANG_WARN_CONSTANT_CONVERSION = YES;
				CLANG_WARN_DEPRECATED_OBJC_IMPLEMENTATIONS = YES;
				CLANG_WARN_DIRECT_OBJC_ISA_USAGE = YES_ERROR;
				CLANG_WARN_DOCUMENTATION_COMMENTS = YES;
				CLANG_WARN_EMPTY_BODY = YES;
				CLANG_WARN_ENUM_CONVERSION = YES;
				CLANG_WARN_INFINITE_RECURSION = YES;
				CLANG_WARN_INT_CONVERSION = YES;
				CLANG_WARN_NON_LITERAL_NULL_CONVERSION = YES;
				CLANG_WARN_OBJC_IMPLICIT_RETAIN_SELF = YES;
				CLANG_WARN_OBJC_LITERAL_CONVERSION = YES;
				CLANG_WARN_OBJC_ROOT_CLASS = YES_ERROR;
				CLANG_WARN_QUOTED_INCLUDE_IN_FRAMEWORK_HEADER = YES;
				CLANG_WARN_RANGE_LOOP_ANALYSIS = YES;
				CLANG_WARN_STRICT_PROTOTYPES = YES;
				CLANG_WARN_SUSPICIOUS_MOVE = YES;
				CLANG_WARN_UNGUARDED_AVAILABILITY = YES_AGGRESSIVE;
				CLANG_WARN_UNREACHABLE_CODE = YES;
				CLANG_WARN__DUPLICATE_METHOD_MATCH = YES;
				COPY_PHASE_STRIP = NO;
				DEBUG_INFORMATION_FORMAT = "dwarf-with-dsym";
				ENABLE_NS_ASSERTIONS = NO;
				ENABLE_STRICT_OBJC_MSGSEND = YES;
				GCC_C_LANGUAGE_STANDARD = gnu11;
				GCC_NO_COMMON_BLOCKS = YES;
				GCC_WARN_64_TO_32_BIT_CONVERSION = YES;
				GCC_WARN_ABOUT_RETURN_TYPE = YES_ERROR;
				GCC_WARN_UNDECLARED_SELECTOR = YES;
				GCC_WARN_UNINITIALIZED_AUTOS = YES_AGGRESSIVE;
				GCC_WARN_UNUSED_FUNCTION = YES;
				GCC_WARN_UNUSED_VARIABLE = YES;
				IPHONEOS_DEPLOYMENT_TARGET = 16.0;
				MTL_ENABLE_DEBUG_INFO = NO;
				MTL_FAST_MATH = YES;
				SDKROOT = iphoneos;
				SWIFT_COMPILATION_MODE = wholemodule;
				SWIFT_OPTIMIZATION_LEVEL = "-O";
				VALIDATE_PRODUCT = YES;
			};
			name = Release;
		};
		1D818F932987A5D000803282 /* Debug */ = {
			isa = XCBuildConfiguration;
			buildSettings = {
				ASSETCATALOG_COMPILER_APPICON_NAME = AppIcon;
				ASSETCATALOG_COMPILER_GLOBAL_ACCENT_COLOR_NAME = AccentColor;
				CODE_SIGN_STYLE = Automatic;
				CURRENT_PROJECT_VERSION = 1;
				GENERATE_INFOPLIST_FILE = YES;
				INFOPLIST_FILE = TP2/Info.plist;
				INFOPLIST_KEY_UIApplicationSupportsIndirectInputEvents = YES;
				INFOPLIST_KEY_UILaunchStoryboardName = LaunchScreen;
				INFOPLIST_KEY_UIStatusBarStyle = "";
				INFOPLIST_KEY_UISupportedInterfaceOrientations_iPad = "UIInterfaceOrientationPortrait UIInterfaceOrientationPortraitUpsideDown UIInterfaceOrientationLandscapeLeft UIInterfaceOrientationLandscapeRight";
				INFOPLIST_KEY_UISupportedInterfaceOrientations_iPhone = "UIInterfaceOrientationPortrait UIInterfaceOrientationLandscapeLeft UIInterfaceOrientationLandscapeRight";
				LD_RUNPATH_SEARCH_PATHS = (
					"$(inherited)",
					"@executable_path/Frameworks",
				);
				MARKETING_VERSION = 1.0;
				PRODUCT_BUNDLE_IDENTIFIER = com.isima.TP2;
				PRODUCT_NAME = "$(TARGET_NAME)";
				SWIFT_EMIT_LOC_STRINGS = YES;
				SWIFT_VERSION = 5.0;
				TARGETED_DEVICE_FAMILY = "1,2";
			};
			name = Debug;
		};
		1D818F942987A5D000803282 /* Release */ = {
			isa = XCBuildConfiguration;
			buildSettings = {
				ASSETCATALOG_COMPILER_APPICON_NAME = AppIcon;
				ASSETCATALOG_COMPILER_GLOBAL_ACCENT_COLOR_NAME = AccentColor;
				CODE_SIGN_STYLE = Automatic;
				CURRENT_PROJECT_VERSION = 1;
				GENERATE_INFOPLIST_FILE = YES;
				INFOPLIST_FILE = TP2/Info.plist;
				INFOPLIST_KEY_UIApplicationSupportsIndirectInputEvents = YES;
				INFOPLIST_KEY_UILaunchStoryboardName = LaunchScreen;
				INFOPLIST_KEY_UIStatusBarStyle = "";
				INFOPLIST_KEY_UISupportedInterfaceOrientations_iPad = "UIInterfaceOrientationPortrait UIInterfaceOrientationPortraitUpsideDown UIInterfaceOrientationLandscapeLeft UIInterfaceOrientationLandscapeRight";
				INFOPLIST_KEY_UISupportedInterfaceOrientations_iPhone = "UIInterfaceOrientationPortrait UIInterfaceOrientationLandscapeLeft UIInterfaceOrientationLandscapeRight";
				LD_RUNPATH_SEARCH_PATHS = (
					"$(inherited)",
					"@executable_path/Frameworks",
				);
				MARKETING_VERSION = 1.0;
				PRODUCT_BUNDLE_IDENTIFIER = com.isima.TP2;
				PRODUCT_NAME = "$(TARGET_NAME)";
				SWIFT_EMIT_LOC_STRINGS = YES;
				SWIFT_VERSION = 5.0;
				TARGETED_DEVICE_FAMILY = "1,2";
			};
			name = Release;
		};
		1D818F962987A5D000803282 /* Debug */ = {
			isa = XCBuildConfiguration;
			buildSettings = {
				ALWAYS_EMBED_SWIFT_STANDARD_LIBRARIES = YES;
				BUNDLE_LOADER = "$(TEST_HOST)";
				CODE_SIGN_STYLE = Automatic;
				CURRENT_PROJECT_VERSION = 1;
				GENERATE_INFOPLIST_FILE = YES;
				IPHONEOS_DEPLOYMENT_TARGET = 16.0;
				MARKETING_VERSION = 1.0;
				PRODUCT_BUNDLE_IDENTIFIER = com.isima.TP2Tests;
				PRODUCT_NAME = "$(TARGET_NAME)";
				SWIFT_EMIT_LOC_STRINGS = NO;
				SWIFT_VERSION = 5.0;
				TARGETED_DEVICE_FAMILY = "1,2";
				TEST_HOST = "$(BUILT_PRODUCTS_DIR)/TP2.app/$(BUNDLE_EXECUTABLE_FOLDER_PATH)/TP2";
			};
			name = Debug;
		};
		1D818F972987A5D000803282 /* Release */ = {
			isa = XCBuildConfiguration;
			buildSettings = {
				ALWAYS_EMBED_SWIFT_STANDARD_LIBRARIES = YES;
				BUNDLE_LOADER = "$(TEST_HOST)";
				CODE_SIGN_STYLE = Automatic;
				CURRENT_PROJECT_VERSION = 1;
				GENERATE_INFOPLIST_FILE = YES;
				IPHONEOS_DEPLOYMENT_TARGET = 16.0;
				MARKETING_VERSION = 1.0;
				PRODUCT_BUNDLE_IDENTIFIER = com.isima.TP2Tests;
				PRODUCT_NAME = "$(TARGET_NAME)";
				SWIFT_EMIT_LOC_STRINGS = NO;
				SWIFT_VERSION = 5.0;
				TARGETED_DEVICE_FAMILY = "1,2";
				TEST_HOST = "$(BUILT_PRODUCTS_DIR)/TP2.app/$(BUNDLE_EXECUTABLE_FOLDER_PATH)/TP2";
			};
			name = Release;
		};
		1D818F992987A5D000803282 /* Debug */ = {
			isa = XCBuildConfiguration;
			buildSettings = {
				ALWAYS_EMBED_SWIFT_STANDARD_LIBRARIES = YES;
				CODE_SIGN_STYLE = Automatic;
				CURRENT_PROJECT_VERSION = 1;
				GENERATE_INFOPLIST_FILE = YES;
				MARKETING_VERSION = 1.0;
				PRODUCT_BUNDLE_IDENTIFIER = com.isima.TP2UITests;
				PRODUCT_NAME = "$(TARGET_NAME)";
				SWIFT_EMIT_LOC_STRINGS = NO;
				SWIFT_VERSION = 5.0;
				TARGETED_DEVICE_FAMILY = "1,2";
				TEST_TARGET_NAME = TP2;
			};
			name = Debug;
		};
		1D818F9A2987A5D000803282 /* Release */ = {
			isa = XCBuildConfiguration;
			buildSettings = {
				ALWAYS_EMBED_SWIFT_STANDARD_LIBRARIES = YES;
				CODE_SIGN_STYLE = Automatic;
				CURRENT_PROJECT_VERSION = 1;
				GENERATE_INFOPLIST_FILE = YES;
				MARKETING_VERSION = 1.0;
				PRODUCT_BUNDLE_IDENTIFIER = com.isima.TP2UITests;
				PRODUCT_NAME = "$(TARGET_NAME)";
				SWIFT_EMIT_LOC_STRINGS = NO;
				SWIFT_VERSION = 5.0;
				TARGETED_DEVICE_FAMILY = "1,2";
				TEST_TARGET_NAME = TP2;
			};
			name = Release;
		};
/* End XCBuildConfiguration section */

/* Begin XCConfigurationList section */
		1D818F632987A5CE00803282 /* Build configuration list for PBXProject "TP2" */ = {
			isa = XCConfigurationList;
			buildConfigurations = (
				1D818F902987A5D000803282 /* Debug */,
				1D818F912987A5D000803282 /* Release */,
			);
			defaultConfigurationIsVisible = 0;
			defaultConfigurationName = Release;
		};
		1D818F922987A5D000803282 /* Build configuration list for PBXNativeTarget "TP2" */ = {
			isa = XCConfigurationList;
			buildConfigurations = (
				1D818F932987A5D000803282 /* Debug */,
				1D818F942987A5D000803282 /* Release */,
			);
			defaultConfigurationIsVisible = 0;
			defaultConfigurationName = Release;
		};
		1D818F952987A5D000803282 /* Build configuration list for PBXNativeTarget "TP2Tests" */ = {
			isa = XCConfigurationList;
			buildConfigurations = (
				1D818F962987A5D000803282 /* Debug */,
				1D818F972987A5D000803282 /* Release */,
			);
			defaultConfigurationIsVisible = 0;
			defaultConfigurationName = Release;
		};
		1D818F982987A5D000803282 /* Build configuration list for PBXNativeTarget "TP2UITests" */ = {
			isa = XCConfigurationList;
			buildConfigurations = (
				1D818F992987A5D000803282 /* Debug */,
				1D818F9A2987A5D000803282 /* Release */,
			);
			defaultConfigurationIsVisible = 0;
			defaultConfigurationName = Release;
		};
/* End XCConfigurationList section */
	};
	rootObject = 1D818F602987A5CE00803282 /* Project object */;
}
